version: 1
locked_at: 2026-03-07T22:03:43.349499658Z
bundles:
    scm-github/12-factor:
        sha: 65cd784f73e447925257a938201cf2b9e51634ea
        url: https://github.com/benjaminabbitt/scm-github
        scm_version: v1
        fetched_at: 2026-03-07T22:03:41.302235408Z
    scm-github/ast-grep:
        sha: 65cd784f73e447925257a938201cf2b9e51634ea
        url: https://github.com/benjaminabbitt/scm-github
        scm_version: v1
        fetched_at: 2026-03-07T22:03:39.211780001Z
    scm-github/code-review-checklists:
        sha: 65cd784f73e447925257a938201cf2b9e51634ea
        url: https://github.com/benjaminabbitt/scm-github
        scm_version: v1
        fetched_at: 2026-03-07T22:03:37.225749094Z
    scm-github/containers:
        sha: 65cd784f73e447925257a938201cf2b9e51634ea
        url: https://github.com/benjaminabbitt/scm-github
        scm_version: v1
        fetched_at: 2026-03-07T22:03:42.378035333Z
    scm-github/core-practices:
        sha: 65cd784f73e447925257a938201cf2b9e51634ea
        url: https://github.com/benjaminabbitt/scm-github
        scm_version: v1
        fetched_at: 2026-03-07T22:03:37.706294682Z
    scm-github/developer-mindset:
        sha: 65cd784f73e447925257a938201cf2b9e51634ea
        url: https://github.com/benjaminabbitt/scm-github
        scm_version: v1
        fetched_at: 2026-03-07T22:03:40.299835219Z
    scm-github/git:
        sha: 65cd784f73e447925257a938201cf2b9e51634ea
        url: https://github.com/benjaminabbitt/scm-github
        scm_version: v1
        fetched_at: 2026-03-07T22:03:38.739021474Z
    scm-github/go-development:
        sha: 65cd784f73e447925257a938201cf2b9e51634ea
        url: https://github.com/benjaminabbitt/scm-github
        scm_version: v1
        fetched_at: 2026-03-07T22:03:38.268458835Z
    scm-github/just:
        sha: 65cd784f73e447925257a938201cf2b9e51634ea
        url: https://github.com/benjaminabbitt/scm-github
        scm_version: v1
        fetched_at: 2026-03-07T22:03:41.791530794Z
    scm-github/lsp:
        sha: 65cd784f73e447925257a938201cf2b9e51634ea
        url: https://github.com/benjaminabbitt/scm-github
        scm_version: v1
        fetched_at: 2026-03-07T22:03:39.699089511Z
    scm-github/prototyping:
        sha: 65cd784f73e447925257a938201cf2b9e51634ea
        url: https://github.com/benjaminabbitt/scm-github
        scm_version: v1
        fetched_at: 2026-03-07T22:03:43.349499319Z
    scm-github/rtk:
        sha: 65cd784f73e447925257a938201cf2b9e51634ea
        url: https://github.com/benjaminabbitt/scm-github
        scm_version: v1
        fetched_at: 2026-03-07T22:03:42.875365945Z
    scm-github/testing:
        sha: 65cd784f73e447925257a938201cf2b9e51634ea
        url: https://github.com/benjaminabbitt/scm-github
        scm_version: v1
        fetched_at: 2026-03-07T22:03:40.798600557Z
